
Microsoft Visual Studio Solution File, Format Version 12.00
# Visual Studio Version 16
VisualStudioVersion = 16.0.29728.190
MinimumVisualStudioVersion = 10.0.40219.1
Project("{FAE04EC0-301F-11D3-BF4B-00C04F79EFBC}") = "WorkExperienceProject", "WorkExperienceProject\WorkExperienceProject.csproj", "{A7381FB8-45A8-43F3-A074-93669F99518A}"
EndProject
Global
	GlobalSection(SolutionConfigurationPlatforms) = preSolution
		Debug|Any CPU = Debug|Any CPU
		Release|Any CPU = Release|Any CPU
	EndGlobalSection
	GlobalSection(ProjectConfigurationPlatforms) = postSolution
		{A7381FB8-45A8-43F3-A074-93669F99518A}.Debug|Any CPU.ActiveCfg = Debug|Any CPU
		{A7381FB8-45A8-43F3-A074-93669F99518A}.Debug|Any CPU.Build.0 = Debug|Any CPU
		{A7381FB8-45A8-43F3-A074-93669F99518A}.Release|Any CPU.ActiveCfg = Release|Any CPU
		{A7381FB8-45A8-43F3-A074-93669F99518A}.Release|Any CPU.Build.0 = Release|Any CPU
	EndGlobalSection
	GlobalSection(SolutionProperties) = preSolution
		HideSolutionNode = FALSE
	EndGlobalSection
	GlobalSection(ExtensibilityGlobals) = postSolution
		SolutionGuid = {7379D9C8-B7BD-4C5A-891D-508117AE4DDA}
	EndGlobalSection
EndGlobal
